PODS:
  - Alamofire (4.0.1)
  - GoogleMaps (2.0.1):
    - GoogleMaps/Maps (= 2.0.1)
  - GoogleMaps/Base (2.0.1)
  - GoogleMaps/Maps (2.0.1):
    - GoogleMaps/Base (= 2.0.1)
  - GooglePlaces (2.0.1):
    - GoogleMaps/Base (= 2.0.1)

DEPENDENCIES:
  - Alamofire
  - GoogleMaps
  - GooglePlaces

SPEC CHECKSUMS:
  Alamofire: 7682d43245de14874acd142ec137b144aa1dd335
  GoogleMaps: f09da64fc987c1aa29394567c3cab5a3df83c402
  GooglePlaces: 72fab1d1651c6df0322f2aad245ffb15b80d3c56

PODFILE CHECKSUM: 0b0bfecc4c41b87aaf9cb5a3fbae5e4db4564dd9

COCOAPODS: 1.0.1
